{
  "name": "midi-parser",
  "version": "1.0.0",
  "lockfileVersion": 1,
  "requires": true,
  "dependencies": {
    "midi-parser-js": {
      "version": "4.0.4",
      "resolved": "https://registry.npmjs.org/midi-parser-js/-/midi-parser-js-4.0.4.tgz",
      "integrity": "sha512-yCCUNemjDET40SPslUbAyi7lClSS+ttcBAWNY337kJouRFsEtIql38Fp4p5xfODkltFvuqHJL9JytnZIrzpJbw=="
    }
  }
}
